// !$*UTF8*$!
{
	archiveVersion = 1;
	classes = {
	};
	objectVersion = 55;
	objects = {

/* Begin PBXBuildFile section */
		F2CAAC042889CD9800D56C50 /* ExampleApp.swift in Sources */ = {isa = PBXBuildFile; fileRef = F2CAAC032889CD9800D56C50 /* ExampleApp.swift */; };
		F2CAAC082889CD9900D56C50 /* Assets.xcassets in Resources */ = {isa = PBXBuildFile; fileRef = F2CAAC072889CD9900D56C50 /* Assets.xcassets */; };
		F2CAAC0B2889CD9900D56C50 /* Preview Assets.xcassets in Resources */ = {isa = PBXBuildFile; fileRef = F2CAAC0A2889CD9900D56C50 /* Preview Assets.xcassets */; };
		F2CAAC142889CEA800D56C50 /* ExampleViewStore.swift in Sources */ = {isa = PBXBuildFile; fileRef = F2CAAC132889CEA800D56C50 /* ExampleViewStore.swift */; };
		F2CAAC162889CEB100D56C50 /* ExampleView.swift in Sources */ = {isa = PBXBuildFile; fileRef = F2CAAC152889CEB100D56C50 /* ExampleView.swift */; };
		F2CAAC1B2889CF8600D56C50 /* ViewStore+BindingAdditions.swift in Sources */ = {isa = PBXBuildFile; fileRef = F2CAAC192889CF8600D56C50 /* ViewStore+BindingAdditions.swift */; };
		F2CAAC1C2889CF8600D56C50 /* ViewStore.swift in Sources */ = {isa = PBXBuildFile; fileRef = F2CAAC1A2889CF8600D56C50 /* ViewStore.swift */; };
		F2CAAC1F2889CFDA00D56C50 /* CasePaths in Frameworks */ = {isa = PBXBuildFile; productRef = F2CAAC1E2889CFDA00D56C50 /* CasePaths */; };
		F2CDC49F2889D83E009DD825 /* Publisher+CombineLatest.swift in Sources */ = {isa = PBXBuildFile; fileRef = F2CDC49E2889D83E009DD825 /* Publisher+CombineLatest.swift */; };
		F2CDC4A12889D9B2009DD825 /* MainQueueScheduler.swift in Sources */ = {isa = PBXBuildFile; fileRef = F2CDC4A02889D9B2009DD825 /* MainQueueScheduler.swift */; };
/* End PBXBuildFile section */

/* Begin PBXFileReference section */
		F2CAAC002889CD9800D56C50 /* ViewStore.app */ = {isa = PBXFileReference; explicitFileType = wrapper.application; includeInIndex = 0; path = ViewStore.app; sourceTree = BUILT_PRODUCTS_DIR; };
		F2CAAC032889CD9800D56C50 /* ExampleApp.swift */ = {isa = PBXFileReference; lastKnownFileType = sourcecode.swift; path = ExampleApp.swift; sourceTree = "<group>"; };
		F2CAAC072889CD9900D56C50 /* Assets.xcassets */ = {isa = PBXFileReference; lastKnownFileType = folder.assetcatalog; path = Assets.xcassets; sourceTree = "<group>"; };
		F2CAAC0A2889CD9900D56C50 /* Preview Assets.xcassets */ = {isa = PBXFileReference; lastKnownFileType = folder.assetcatalog; path = "Preview Assets.xcassets"; sourceTree = "<group>"; };
		F2CAAC132889CEA800D56C50 /* ExampleViewStore.swift */ = {isa = PBXFileReference; lastKnownFileType = sourcecode.swift; path = ExampleViewStore.swift; sourceTree = "<group>"; };
		F2CAAC152889CEB100D56C50 /* ExampleView.swift */ = {isa = PBXFileReference; lastKnownFileType = sourcecode.swift; path = ExampleView.swift; sourceTree = "<group>"; };
		F2CAAC192889CF8600D56C50 /* ViewStore+BindingAdditions.swift */ = {isa = PBXFileReference; fileEncoding = 4; lastKnownFileType = sourcecode.swift; path = "ViewStore+BindingAdditions.swift"; sourceTree = "<group>"; };
		F2CAAC1A2889CF8600D56C50 /* ViewStore.swift */ = {isa = PBXFileReference; fileEncoding = 4; lastKnownFileType = sourcecode.swift; path = ViewStore.swift; sourceTree = "<group>"; };
		F2CDC49E2889D83E009DD825 /* Publisher+CombineLatest.swift */ = {isa = PBXFileReference; fileEncoding = 4; lastKnownFileType = sourcecode.swift; path = "Publisher+CombineLatest.swift"; sourceTree = "<group>"; };
		F2CDC4A02889D9B2009DD825 /* MainQueueScheduler.swift */ = {isa = PBXFileReference; fileEncoding = 4; lastKnownFileType = sourcecode.swift; path = MainQueueScheduler.swift; sourceTree = "<group>"; };
/* End PBXFileReference section */

/* Begin PBXFrameworksBuildPhase section */
		F2CAABFD2889CD9800D56C50 /* Frameworks */ = {
			isa = PBXFrameworksBuildPhase;
			buildActionMask = 2147483647;
			files = (
				F2CAAC1F2889CFDA00D56C50 /* CasePaths in Frameworks */,
			);
			runOnlyForDeploymentPostprocessing = 0;
		};
/* End PBXFrameworksBuildPhase section */

/* Begin PBXGroup section */
		F2CAABF72889CD9800D56C50 = {
			isa = PBXGroup;
			children = (
				F2CAAC172889CF8600D56C50 /* Sources */,
				F2CAAC022889CD9800D56C50 /* Example */,
				F2CAAC012889CD9800D56C50 /* Products */,
			);
			sourceTree = "<group>";
		};
		F2CAAC012889CD9800D56C50 /* Products */ = {
			isa = PBXGroup;
			children = (
				F2CAAC002889CD9800D56C50 /* ViewStore.app */,
			);
			name = Products;
			sourceTree = "<group>";
		};
		F2CAAC022889CD9800D56C50 /* Example */ = {
			isa = PBXGroup;
			children = (
				F2CAAC032889CD9800D56C50 /* ExampleApp.swift */,
				F2CAAC132889CEA800D56C50 /* ExampleViewStore.swift */,
				F2CAAC152889CEB100D56C50 /* ExampleView.swift */,
				F2CAAC072889CD9900D56C50 /* Assets.xcassets */,
				F2CAAC092889CD9900D56C50 /* Preview Content */,
			);
			path = Example;
			sourceTree = "<group>";
		};
		F2CAAC092889CD9900D56C50 /* Preview Content */ = {
			isa = PBXGroup;
			children = (
				F2CAAC0A2889CD9900D56C50 /* Preview Assets.xcassets */,
			);
			path = "Preview Content";
			sourceTree = "<group>";
		};
		F2CAAC172889CF8600D56C50 /* Sources */ = {
			isa = PBXGroup;
			children = (
				F2CAAC182889CF8600D56C50 /* ViewStore */,
			);
			path = Sources;
			sourceTree = "<group>";
		};
		F2CAAC182889CF8600D56C50 /* ViewStore */ = {
			isa = PBXGroup;
			children = (
				F2CAAC1A2889CF8600D56C50 /* ViewStore.swift */,
				F2CAAC192889CF8600D56C50 /* ViewStore+BindingAdditions.swift */,
				F2CDC49E2889D83E009DD825 /* Publisher+CombineLatest.swift */,
				F2CDC4A02889D9B2009DD825 /* MainQueueScheduler.swift */,
			);
			path = ViewStore;
			sourceTree = "<group>";
		};
/* End PBXGroup section */

/* Begin PBXNativeTarget section */
		F2CAABFF2889CD9800D56C50 /* ViewStore */ = {
			isa = PBXNativeTarget;
			buildConfigurationList = F2CAAC0E2889CD9900D56C50 /* Build configuration list for PBXNativeTarget "ViewStore" */;
			buildPhases = (
				F2CAABFC2889CD9800D56C50 /* Sources */,
				F2CAABFD2889CD9800D56C50 /* Frameworks */,
				F2CAABFE2889CD9800D56C50 /* Resources */,
			);
			buildRules = (
			);
			dependencies = (
			);
			name = ViewStore;
			packageProductDependencies = (
				F2CAAC1E2889CFDA00D56C50 /* CasePaths */,
			);
			productName = ViewStore;
			productReference = F2CAAC002889CD9800D56C50 /* ViewStore.app */;
			productType = "com.apple.product-type.application";
		};
/* End PBXNativeTarget section */

/* Begin PBXProject section */
		F2CAABF82889CD9800D56C50 /* Project object */ = {
			isa = PBXProject;
			attributes = {
				BuildIndependentTargetsInParallel = 1;
				LastSwiftUpdateCheck = 1340;
				LastUpgradeCheck = 1340;
				TargetAttributes = {
					F2CAABFF2889CD9800D56C50 = {
						CreatedOnToolsVersion = 13.4;
					};
				};
			};
			buildConfigurationList = F2CAABFB2889CD9800D56C50 /* Build configuration list for PBXProject "ViewStore" */;
			compatibilityVersion = "Xcode 13.0";
			developmentRegion = en;
			hasScannedForEncodings = 0;
			knownRegions = (
				en,
				Base,
			);
			mainGroup = F2CAABF72889CD9800D56C50;
			packageReferences = (
				F2CAAC1D2889CFDA00D56C50 /* XCRemoteSwiftPackageReference "swift-case-paths" */,
			);
			productRefGroup = F2CAAC012889CD9800D56C50 /* Products */;
			projectDirPath = "";
			projectRoot = "";
			targets = (
				F2CAABFF2889CD9800D56C50 /* ViewStore */,
			);
		};
/* End PBXProject section */

/* Begin PBXResourcesBuildPhase section */
		F2CAABFE2889CD9800D56C50 /* Resources */ = {
			isa = PBXResourcesBuildPhase;
			buildActionMask = 2147483647;
			files = (
				F2CAAC0B2889CD9900D56C50 /* Preview Assets.xcassets in Resources */,
				F2CAAC082889CD9900D56C50 /* Assets.xcassets in Resources */,
			);
			runOnlyForDeploymentPostprocessing = 0;
		};
/* End PBXResourcesBuildPhase section */

/* Begin PBXSourcesBuildPhase section */
		F2CAABFC2889CD9800D56C50 /* Sources */ = {
			isa = PBXSourcesBuildPhase;
			buildActionMask = 2147483647;
			files = (
				F2CAAC1B2889CF8600D56C50 /* ViewStore+BindingAdditions.swift in Sources */,
				F2CAAC042889CD9800D56C50 /* ExampleApp.swift in Sources */,
				F2CAAC1C2889CF8600D56C50 /* ViewStore.swift in Sources */,
				F2CAAC142889CEA800D56C50 /* ExampleViewStore.swift in Sources */,
				F2CDC4A12889D9B2009DD825 /* MainQueueScheduler.swift in Sources */,
				F2CAAC162889CEB100D56C50 /* ExampleView.swift in Sources */,
				F2CDC49F2889D83E009DD825 /* Publisher+CombineLatest.swift in Sources */,
			);
			runOnlyForDeploymentPostprocessing = 0;
		};
/* End PBXSourcesBuildPhase section */

/* Begin XCBuildConfiguration section */
		F2CAAC0C2889CD9900D56C50 /* Debug */ = {
			isa = XCBuildConfiguration;
			buildSettings = {
				ALWAYS_SEARCH_USER_PATHS = NO;
				CLANG_ANALYZER_NONNULL = YES;
				CLANG_ANALYZER_NUMBER_OBJECT_CONVERSION = YES_AGGRESSIVE;
				CLANG_CXX_LANGUAGE_STANDARD = "gnu++17";
				CLANG_ENABLE_MODULES = YES;
				CLANG_ENABLE_OBJC_ARC = YES;
				CLANG_ENABLE_OBJC_WEAK = YES;
				CLANG_WARN_BLOCK_CAPTURE_AUTORELEASING = YES;
				CLANG_WARN_BOOL_CONVERSION = YES;
				CLANG_WARN_COMMA = YES;
				CLANG_WARN_CONSTANT_CONVERSION = YES;
				CLANG_WARN_DEPRECATED_OBJC_IMPLEMENTATIONS = YES;
				CLANG_WARN_DIRECT_OBJC_ISA_USAGE = YES_ERROR;
				CLANG_WARN_DOCUMENTATION_COMMENTS = YES;
				CLANG_WARN_EMPTY_BODY = YES;
				CLANG_WARN_ENUM_CONVERSION = YES;
				CLANG_WARN_INFINITE_RECURSION = YES;
				CLANG_WARN_INT_CONVERSION = YES;
				CLANG_WARN_NON_LITERAL_NULL_CONVERSION = YES;
				CLANG_WARN_OBJC_IMPLICIT_RETAIN_SELF = YES;
				CLANG_WARN_OBJC_LITERAL_CONVERSION = YES;
				CLANG_WARN_OBJC_ROOT_CLASS = YES_ERROR;
				CLANG_WARN_QUOTED_INCLUDE_IN_FRAMEWORK_HEADER = YES;
				CLANG_WARN_RANGE_LOOP_ANALYSIS = YES;
				CLANG_WARN_STRICT_PROTOTYPES = YES;
				CLANG_WARN_SUSPICIOUS_MOVE = YES;
				CLANG_WARN_UNGUARDED_AVAILABILITY = YES_AGGRESSIVE;
				CLANG_WARN_UNREACHABLE_CODE = YES;
				CLANG_WARN__DUPLICATE_METHOD_MATCH = YES;
				COPY_PHASE_STRIP = NO;
				DEBUG_INFORMATION_FORMAT = dwarf;
				ENABLE_STRICT_OBJC_MSGSEND = YES;
				ENABLE_TESTABILITY = YES;
				GCC_C_LANGUAGE_STANDARD = gnu11;
				GCC_DYNAMIC_NO_PIC = NO;
				GCC_NO_COMMON_BLOCKS = YES;
				GCC_OPTIMIZATION_LEVEL = 0;
				GCC_PREPROCESSOR_DEFINITIONS = (
					"DEBUG=1",
					"$(inherited)",
				);
				GCC_WARN_64_TO_32_BIT_CONVERSION = YES;
				GCC_WARN_ABOUT_RETURN_TYPE = YES_ERROR;
				GCC_WARN_UNDECLARED_SELECTOR = YES;
				GCC_WARN_UNINITIALIZED_AUTOS = YES_AGGRESSIVE;
				GCC_WARN_UNUSED_FUNCTION = YES;
				GCC_WARN_UNUSED_VARIABLE = YES;
				IPHONEOS_DEPLOYMENT_TARGET = 15.5;
				MTL_ENABLE_DEBUG_INFO = INCLUDE_SOURCE;
				MTL_FAST_MATH = YES;
				ONLY_ACTIVE_ARCH = YES;
				SDKROOT = iphoneos;
				SWIFT_ACTIVE_COMPILATION_CONDITIONS = DEBUG;
				SWIFT_OPTIMIZATION_LEVEL = "-Onone";
			};
			name = Debug;
		};
		F2CAAC0D2889CD9900D56C50 /* Release */ = {
			isa = XCBuildConfiguration;
			buildSettings = {
				ALWAYS_SEARCH_USER_PATHS = NO;
				CLANG_ANALYZER_NONNULL = YES;
				CLANG_ANALYZER_NUMBER_OBJECT_CONVERSION = YES_AGGRESSIVE;
				CLANG_CXX_LANGUAGE_STANDARD = "gnu++17";
				CLANG_ENABLE_MODULES = YES;
				CLANG_ENABLE_OBJC_ARC = YES;
				CLANG_ENABLE_OBJC_WEAK = YES;
				CLANG_WARN_BLOCK_CAPTURE_AUTORELEASING = YES;
				CLANG_WARN_BOOL_CONVERSION = YES;
				CLANG_WARN_COMMA = YES;
				CLANG_WARN_CONSTANT_CONVERSION = YES;
				CLANG_WARN_DEPRECATED_OBJC_IMPLEMENTATIONS = YES;
				CLANG_WARN_DIRECT_OBJC_ISA_USAGE = YES_ERROR;
				CLANG_WARN_DOCUMENTATION_COMMENTS = YES;
				CLANG_WARN_EMPTY_BODY = YES;
				CLANG_WARN_ENUM_CONVERSION = YES;
				CLANG_WARN_INFINITE_RECURSION = YES;
				CLANG_WARN_INT_CONVERSION = YES;
				CLANG_WARN_NON_LITERAL_NULL_CONVERSION = YES;
				CLANG_WARN_OBJC_IMPLICIT_RETAIN_SELF = YES;
				CLANG_WARN_OBJC_LITERAL_CONVERSION = YES;
				CLANG_WARN_OBJC_ROOT_CLASS = YES_ERROR;
				CLANG_WARN_QUOTED_INCLUDE_IN_FRAMEWORK_HEADER = YES;
				CLANG_WARN_RANGE_LOOP_ANALYSIS = YES;
				CLANG_WARN_STRICT_PROTOTYPES = YES;
				CLANG_WARN_SUSPICIOUS_MOVE = YES;
				CLANG_WARN_UNGUARDED_AVAILABILITY = YES_AGGRESSIVE;
				CLANG_WARN_UNREACHABLE_CODE = YES;
				CLANG_WARN__DUPLICATE_METHOD_MATCH = YES;
				COPY_PHASE_STRIP = NO;
				DEBUG_INFORMATION_FORMAT = "dwarf-with-dsym";
				ENABLE_NS_ASSERTIONS = NO;
				ENABLE_STRICT_OBJC_MSGSEND = YES;
				GCC_C_LANGUAGE_STANDARD = gnu11;
				GCC_NO_COMMON_BLOCKS = YES;
				GCC_WARN_64_TO_32_BIT_CONVERSION = YES;
				GCC_WARN_ABOUT_RETURN_TYPE = YES_ERROR;
				GCC_WARN_UNDECLARED_SELECTOR = YES;
				GCC_WARN_UNINITIALIZED_AUTOS = YES_AGGRESSIVE;
				GCC_WARN_UNUSED_FUNCTION = YES;
				GCC_WARN_UNUSED_VARIABLE = YES;
				IPHONEOS_DEPLOYMENT_TARGET = 15.5;
				MTL_ENABLE_DEBUG_INFO = NO;
				MTL_FAST_MATH = YES;
				SDKROOT = iphoneos;
				SWIFT_COMPILATION_MODE = wholemodule;
				SWIFT_OPTIMIZATION_LEVEL = "-O";
				VALIDATE_PRODUCT = YES;
			};
			name = Release;
		};
		F2CAAC0F2889CD9900D56C50 /* Debug */ = {
			isa = XCBuildConfiguration;
			buildSettings = {
				ASSETCATALOG_COMPILER_APPICON_NAME = AppIcon;
				ASSETCATALOG_COMPILER_GLOBAL_ACCENT_COLOR_NAME = AccentColor;
				CODE_SIGN_STYLE = Automatic;
				CURRENT_PROJECT_VERSION = 1;
				DEVELOPMENT_ASSET_PATHS = "\"Example/Preview Content\"";
				DEVELOPMENT_TEAM = JL4AKR8DVC;
				ENABLE_PREVIEWS = YES;
				GENERATE_INFOPLIST_FILE = YES;
				INFOPLIST_KEY_UIApplicationSceneManifest_Generation = YES;
				INFOPLIST_KEY_UIApplicationSupportsIndirectInputEvents = YES;
				INFOPLIST_KEY_UILaunchScreen_Generation = YES;
				INFOPLIST_KEY_UISupportedInterfaceOrientations_iPad = "UIInterfaceOrientationPortrait UIInterfaceOrientationPortraitUpsideDown UIInterfaceOrientationLandscapeLeft UIInterfaceOrientationLandscapeRight";
				INFOPLIST_KEY_UISupportedInterfaceOrientations_iPhone = "UIInterfaceOrientationPortrait UIInterfaceOrientationLandscapeLeft UIInterfaceOrientationLandscapeRight";
				LD_RUNPATH_SEARCH_PATHS = (
					"$(inherited)",
					"@executable_path/Frameworks",
				);
				MARKETING_VERSION = 1.0;
				PRODUCT_BUNDLE_IDENTIFIER = com.lickability.ViewStore;
				PRODUCT_NAME = "$(TARGET_NAME)";
				SWIFT_EMIT_LOC_STRINGS = YES;
				SWIFT_VERSION = 5.0;
				TARGETED_DEVICE_FAMILY = "1,2";
			};
			name = Debug;
		};
		F2CAAC102889CD9900D56C50 /* Release */ = {
			isa = XCBuildConfiguration;
			buildSettings = {
				ASSETCATALOG_COMPILER_APPICON_NAME = AppIcon;
				ASSETCATALOG_COMPILER_GLOBAL_ACCENT_COLOR_NAME = AccentColor;
				CODE_SIGN_STYLE = Automatic;
				CURRENT_PROJECT_VERSION = 1;
				DEVELOPMENT_ASSET_PATHS = "\"Example/Preview Content\"";
				DEVELOPMENT_TEAM = JL4AKR8DVC;
				ENABLE_PREVIEWS = YES;
				GENERATE_INFOPLIST_FILE = YES;
				INFOPLIST_KEY_UIApplicationSceneManifest_Generation = YES;
				INFOPLIST_KEY_UIApplicationSupportsIndirectInputEvents = YES;
				INFOPLIST_KEY_UILaunchScreen_Generation = YES;
				INFOPLIST_KEY_UISupportedInterfaceOrientations_iPad = "UIInterfaceOrientationPortrait UIInterfaceOrientationPortraitUpsideDown UIInterfaceOrientationLandscapeLeft UIInterfaceOrientationLandscapeRight";
				INFOPLIST_KEY_UISupportedInterfaceOrientations_iPhone = "UIInterfaceOrientationPortrait UIInterfaceOrientationLandscapeLeft UIInterfaceOrientationLandscapeRight";
				LD_RUNPATH_SEARCH_PATHS = (
					"$(inherited)",
					"@executable_path/Frameworks",
				);
				MARKETING_VERSION = 1.0;
				PRODUCT_BUNDLE_IDENTIFIER = com.lickability.ViewStore;
				PRODUCT_NAME = "$(TARGET_NAME)";
				SWIFT_EMIT_LOC_STRINGS = YES;
				SWIFT_VERSION = 5.0;
				TARGETED_DEVICE_FAMILY = "1,2";
			};
			name = Release;
		};
/* End XCBuildConfiguration section */

/* Begin XCConfigurationList section */
		F2CAABFB2889CD9800D56C50 /* Build configuration list for PBXProject "ViewStore" */ = {
			isa = XCConfigurationList;
			buildConfigurations = (
				F2CAAC0C2889CD9900D56C50 /* Debug */,
				F2CAAC0D2889CD9900D56C50 /* Release */,
			);
			defaultConfigurationIsVisible = 0;
			defaultConfigurationName = Release;
		};
		F2CAAC0E2889CD9900D56C50 /* Build configuration list for PBXNativeTarget "ViewStore" */ = {
			isa = XCConfigurationList;
			buildConfigurations = (
				F2CAAC0F2889CD9900D56C50 /* Debug */,
				F2CAAC102889CD9900D56C50 /* Release */,
			);
			defaultConfigurationIsVisible = 0;
			defaultConfigurationName = Release;
		};
/* End XCConfigurationList section */

/* Begin XCRemoteSwiftPackageReference section */
		F2CAAC1D2889CFDA00D56C50 /* XCRemoteSwiftPackageReference "swift-case-paths" */ = {
			isa = XCRemoteSwiftPackageReference;
			repositoryURL = "https://github.com/pointfreeco/swift-case-paths";
			requirement = {
				kind = upToNextMajorVersion;
				minimumVersion = 0.9.1;
			};
		};
/* End XCRemoteSwiftPackageReference section */

/* Begin XCSwiftPackageProductDependency section */
		F2CAAC1E2889CFDA00D56C50 /* CasePaths */ = {
			isa = XCSwiftPackageProductDependency;
			package = F2CAAC1D2889CFDA00D56C50 /* XCRemoteSwiftPackageReference "swift-case-paths" */;
			productName = CasePaths;
		};
/* End XCSwiftPackageProductDependency section */
	};
	rootObject = F2CAABF82889CD9800D56C50 /* Project object */;
}
