{
  "pins" : [
    {
      "identity" : "networking",
      "kind" : "remoteSourceControl",
      "location" : "https://github.com/Lickability/Networking",
      "state" : {
        "revision" : "54ba83b22a932e870a4e99f3176a34c810c7c2c2",
        "version" : "1.0.0"
      }
    },
    {
      "identity" : "persister",
      "kind" : "remoteSourceControl",
      "location" : "https://github.com/Lickability/Persister",
      "state" : {
        "revision" : "556198feaa1b37cfb54328af43dcb2709002972a",
        "version" : "1.0.0"
      }
    },
    {
      "identity" : "provider",
      "kind" : "remoteSourceControl",
      "location" : "https://github.com/Lickability/Provider.git",
      "state" : {
        "revision" : "3937745f83bb3b41f0f329fd0e45353e68be9540",
        "version" : "1.0.0"
      }
    },
    {
      "identity" : "swift-async-algorithms",
      "kind" : "remoteSourceControl",
      "location" : "https://github.com/apple/swift-async-algorithms",
      "state" : {
        "revision" : "cca423ff03ab657062f3781847e65a867b51bb01",
        "version" : "0.0.3"
      }
    },
    {
      "identity" : "swift-case-paths",
      "kind" : "remoteSourceControl",
      "location" : "https://github.com/pointfreeco/swift-case-paths",
      "state" : {
        "revision" : "ce9c0d897db8a840c39de64caaa9b60119cf4be8",
        "version" : "0.8.1"
      }
    },
    {
      "identity" : "swift-clocks",
      "kind" : "remoteSourceControl",
      "location" : "https://github.com/pointfreeco/swift-clocks",
      "state" : {
        "revision" : "20b25ca0dd88ebfb9111ec937814ddc5a8880172",
        "version" : "0.2.0"
      }
    },
    {
      "identity" : "xctest-dynamic-overlay",
      "kind" : "remoteSourceControl",
      "location" : "https://github.com/pointfreeco/xctest-dynamic-overlay",
      "state" : {
        "revision" : "5a5457a744239896e9b0b03a8e1a5069c3e7b91f",
        "version" : "0.6.0"
      }
    }
  ],
  "version" : 2
}
